
Microsoft Visual Studio Solution File, Format Version 12.00
Project("{FAE04EC0-301F-11D3-BF4B-00C04F79EFBC}") = "Ecommerce.Web", "Ecommerce.Web\Ecommerce.Web.csproj", "{979046FC-E2EC-4F6B-96FF-A85CE9B986B2}"
EndProject
Project("{FAE04EC0-301F-11D3-BF4B-00C04F79EFBC}") = "Ecommerce.Core", "Ecommerce.Core\Ecommerce.Core.csproj", "{0DB2EFAE-16FB-498E-8E74-080596BEDBB2}"
EndProject
Project("{FAE04EC0-301F-11D3-BF4B-00C04F79EFBC}") = "Ecommerce.Data", "Ecommerce.Data\Ecommerce.Data.csproj", "{0C65FD30-B3EF-4FB8-A8B8-7C369B2052D3}"
EndProject
Project("{FAE04EC0-301F-11D3-BF4B-00C04F79EFBC}") = "Ecommerce.Services", "Ecommerce.Services\Ecommerce.Services.csproj", "{CD7B41D5-8906-4BAF-BF04-02304FA819B1}"
EndProject
Global
	GlobalSection(SolutionConfigurationPlatforms) = preSolution
		Debug|Any CPU = Debug|Any CPU
		Release|Any CPU = Release|Any CPU
	EndGlobalSection
	GlobalSection(ProjectConfigurationPlatforms) = postSolution
		{979046FC-E2EC-4F6B-96FF-A85CE9B986B2}.Debug|Any CPU.ActiveCfg = Debug|Any CPU
		{979046FC-E2EC-4F6B-96FF-A85CE9B986B2}.Debug|Any CPU.Build.0 = Debug|Any CPU
		{979046FC-E2EC-4F6B-96FF-A85CE9B986B2}.Release|Any CPU.ActiveCfg = Release|Any CPU
		{979046FC-E2EC-4F6B-96FF-A85CE9B986B2}.Release|Any CPU.Build.0 = Release|Any CPU
		{0DB2EFAE-16FB-498E-8E74-080596BEDBB2}.Debug|Any CPU.ActiveCfg = Debug|Any CPU
		{0DB2EFAE-16FB-498E-8E74-080596BEDBB2}.Debug|Any CPU.Build.0 = Debug|Any CPU
		{0DB2EFAE-16FB-498E-8E74-080596BEDBB2}.Release|Any CPU.ActiveCfg = Release|Any CPU
		{0DB2EFAE-16FB-498E-8E74-080596BEDBB2}.Release|Any CPU.Build.0 = Release|Any CPU
		{0C65FD30-B3EF-4FB8-A8B8-7C369B2052D3}.Debug|Any CPU.ActiveCfg = Debug|Any CPU
		{0C65FD30-B3EF-4FB8-A8B8-7C369B2052D3}.Debug|Any CPU.Build.0 = Debug|Any CPU
		{0C65FD30-B3EF-4FB8-A8B8-7C369B2052D3}.Release|Any CPU.ActiveCfg = Release|Any CPU
		{0C65FD30-B3EF-4FB8-A8B8-7C369B2052D3}.Release|Any CPU.Build.0 = Release|Any CPU
		{CD7B41D5-8906-4BAF-BF04-02304FA819B1}.Debug|Any CPU.ActiveCfg = Debug|Any CPU
		{CD7B41D5-8906-4BAF-BF04-02304FA819B1}.Debug|Any CPU.Build.0 = Debug|Any CPU
		{CD7B41D5-8906-4BAF-BF04-02304FA819B1}.Release|Any CPU.ActiveCfg = Release|Any CPU
		{CD7B41D5-8906-4BAF-BF04-02304FA819B1}.Release|Any CPU.Build.0 = Release|Any CPU
	EndGlobalSection
EndGlobal
